
Microsoft Visual Studio Solution File, Format Version 12.00
# Visual Studio 15
VisualStudioVersion = 15.0.26430.15
MinimumVisualStudioVersion = 10.0.40219.1
Project("{FAE04EC0-301F-11D3-BF4B-00C04F79EFBC}") = "DAL", "DAL\DAL.csproj", "{FDB92985-1A0F-4C84-8D31-5A013D3180D9}"
EndProject
Project("{FAE04EC0-301F-11D3-BF4B-00C04F79EFBC}") = "BLL", "BLL\BLL.csproj", "{5D4AAA1B-142A-4D2E-9C6B-DB35BB047C03}"
EndProject
Project("{FAE04EC0-301F-11D3-BF4B-00C04F79EFBC}") = "IDAL", "IDAL\IDAL.csproj", "{8ADBB235-1536-4320-AB7D-023168D5BBFF}"
EndProject
Project("{FAE04EC0-301F-11D3-BF4B-00C04F79EFBC}") = "DALFactory", "DALFactory\DALFactory.csproj", "{3A2822EB-E770-4891-A08D-CD9F2A159CE9}"
EndProject
Project("{FAE04EC0-301F-11D3-BF4B-00C04F79EFBC}") = "IBLL", "IBLL\IBLL.csproj", "{0917D3B9-5D90-4DB0-9AE9-7553BCA4C248}"
EndProject
Project("{FAE04EC0-301F-11D3-BF4B-00C04F79EFBC}") = "TEST", "TEST\TEST.csproj", "{003DC547-9C07-44F3-8871-7842DAEF1EE3}"
EndProject
Project("{FAE04EC0-301F-11D3-BF4B-00C04F79EFBC}") = "BLLFactory", "BLLFactory\BLLFactory.csproj", "{01D67F33-4E58-4452-A322-938D104ACD1A}"
EndProject
Project("{FAE04EC0-301F-11D3-BF4B-00C04F79EFBC}") = "AbsFactory", "AbsFactory\AbsFactory.csproj", "{3F203C8C-C2BF-4B98-8DF6-87F9A71ED060}"
EndProject
Project("{FAE04EC0-301F-11D3-BF4B-00C04F79EFBC}") = "CommonLib", "CommonLib\CommonLib.csproj", "{2F9520DB-BC53-4B3A-AF69-62B0D8391054}"
EndProject
Project("{FAE04EC0-301F-11D3-BF4B-00C04F79EFBC}") = "Web", "Web\Web.csproj", "{BF5B6DFB-1B93-44BF-8BA7-456BB98C1517}"
EndProject
Project("{FAE04EC0-301F-11D3-BF4B-00C04F79EFBC}") = "Entity", "Entity\Entity.csproj", "{A3A23676-BC4E-4ADA-999D-DFEC869A8988}"
EndProject
Global
	GlobalSection(SolutionConfigurationPlatforms) = preSolution
		Debug|Any CPU = Debug|Any CPU
		Release|Any CPU = Release|Any CPU
	EndGlobalSection
	GlobalSection(ProjectConfigurationPlatforms) = postSolution
		{FDB92985-1A0F-4C84-8D31-5A013D3180D9}.Debug|Any CPU.ActiveCfg = Debug|Any CPU
		{FDB92985-1A0F-4C84-8D31-5A013D3180D9}.Debug|Any CPU.Build.0 = Debug|Any CPU
		{FDB92985-1A0F-4C84-8D31-5A013D3180D9}.Release|Any CPU.ActiveCfg = Release|Any CPU
		{FDB92985-1A0F-4C84-8D31-5A013D3180D9}.Release|Any CPU.Build.0 = Release|Any CPU
		{5D4AAA1B-142A-4D2E-9C6B-DB35BB047C03}.Debug|Any CPU.ActiveCfg = Debug|Any CPU
		{5D4AAA1B-142A-4D2E-9C6B-DB35BB047C03}.Debug|Any CPU.Build.0 = Debug|Any CPU
		{5D4AAA1B-142A-4D2E-9C6B-DB35BB047C03}.Release|Any CPU.ActiveCfg = Release|Any CPU
		{5D4AAA1B-142A-4D2E-9C6B-DB35BB047C03}.Release|Any CPU.Build.0 = Release|Any CPU
		{8ADBB235-1536-4320-AB7D-023168D5BBFF}.Debug|Any CPU.ActiveCfg = Debug|Any CPU
		{8ADBB235-1536-4320-AB7D-023168D5BBFF}.Debug|Any CPU.Build.0 = Debug|Any CPU
		{8ADBB235-1536-4320-AB7D-023168D5BBFF}.Release|Any CPU.ActiveCfg = Release|Any CPU
		{8ADBB235-1536-4320-AB7D-023168D5BBFF}.Release|Any CPU.Build.0 = Release|Any CPU
		{3A2822EB-E770-4891-A08D-CD9F2A159CE9}.Debug|Any CPU.ActiveCfg = Debug|Any CPU
		{3A2822EB-E770-4891-A08D-CD9F2A159CE9}.Debug|Any CPU.Build.0 = Debug|Any CPU
		{3A2822EB-E770-4891-A08D-CD9F2A159CE9}.Release|Any CPU.ActiveCfg = Release|Any CPU
		{3A2822EB-E770-4891-A08D-CD9F2A159CE9}.Release|Any CPU.Build.0 = Release|Any CPU
		{0917D3B9-5D90-4DB0-9AE9-7553BCA4C248}.Debug|Any CPU.ActiveCfg = Debug|Any CPU
		{0917D3B9-5D90-4DB0-9AE9-7553BCA4C248}.Debug|Any CPU.Build.0 = Debug|Any CPU
		{0917D3B9-5D90-4DB0-9AE9-7553BCA4C248}.Release|Any CPU.ActiveCfg = Release|Any CPU
		{0917D3B9-5D90-4DB0-9AE9-7553BCA4C248}.Release|Any CPU.Build.0 = Release|Any CPU
		{003DC547-9C07-44F3-8871-7842DAEF1EE3}.Debug|Any CPU.ActiveCfg = Debug|Any CPU
		{003DC547-9C07-44F3-8871-7842DAEF1EE3}.Debug|Any CPU.Build.0 = Debug|Any CPU
		{003DC547-9C07-44F3-8871-7842DAEF1EE3}.Release|Any CPU.ActiveCfg = Release|Any CPU
		{003DC547-9C07-44F3-8871-7842DAEF1EE3}.Release|Any CPU.Build.0 = Release|Any CPU
		{01D67F33-4E58-4452-A322-938D104ACD1A}.Debug|Any CPU.ActiveCfg = Debug|Any CPU
		{01D67F33-4E58-4452-A322-938D104ACD1A}.Debug|Any CPU.Build.0 = Debug|Any CPU
		{01D67F33-4E58-4452-A322-938D104ACD1A}.Release|Any CPU.ActiveCfg = Release|Any CPU
		{01D67F33-4E58-4452-A322-938D104ACD1A}.Release|Any CPU.Build.0 = Release|Any CPU
		{3F203C8C-C2BF-4B98-8DF6-87F9A71ED060}.Debug|Any CPU.ActiveCfg = Debug|Any CPU
		{3F203C8C-C2BF-4B98-8DF6-87F9A71ED060}.Debug|Any CPU.Build.0 = Debug|Any CPU
		{3F203C8C-C2BF-4B98-8DF6-87F9A71ED060}.Release|Any CPU.ActiveCfg = Release|Any CPU
		{3F203C8C-C2BF-4B98-8DF6-87F9A71ED060}.Release|Any CPU.Build.0 = Release|Any CPU
		{2F9520DB-BC53-4B3A-AF69-62B0D8391054}.Debug|Any CPU.ActiveCfg = Debug|Any CPU
		{2F9520DB-BC53-4B3A-AF69-62B0D8391054}.Debug|Any CPU.Build.0 = Debug|Any CPU
		{2F9520DB-BC53-4B3A-AF69-62B0D8391054}.Release|Any CPU.ActiveCfg = Release|Any CPU
		{2F9520DB-BC53-4B3A-AF69-62B0D8391054}.Release|Any CPU.Build.0 = Release|Any CPU
		{BF5B6DFB-1B93-44BF-8BA7-456BB98C1517}.Debug|Any CPU.ActiveCfg = Debug|Any CPU
		{BF5B6DFB-1B93-44BF-8BA7-456BB98C1517}.Debug|Any CPU.Build.0 = Debug|Any CPU
		{BF5B6DFB-1B93-44BF-8BA7-456BB98C1517}.Release|Any CPU.ActiveCfg = Release|Any CPU
		{BF5B6DFB-1B93-44BF-8BA7-456BB98C1517}.Release|Any CPU.Build.0 = Release|Any CPU
		{A3A23676-BC4E-4ADA-999D-DFEC869A8988}.Debug|Any CPU.ActiveCfg = Debug|Any CPU
		{A3A23676-BC4E-4ADA-999D-DFEC869A8988}.Debug|Any CPU.Build.0 = Debug|Any CPU
		{A3A23676-BC4E-4ADA-999D-DFEC869A8988}.Release|Any CPU.ActiveCfg = Release|Any CPU
		{A3A23676-BC4E-4ADA-999D-DFEC869A8988}.Release|Any CPU.Build.0 = Release|Any CPU
	EndGlobalSection
	GlobalSection(SolutionProperties) = preSolution
		HideSolutionNode = FALSE
	EndGlobalSection
EndGlobal
